
Microsoft Visual Studio Solution File, Format Version 12.00
# Visual Studio 15
VisualStudioVersion = 15.0.27703.2035
MinimumVisualStudioVersion = 10.0.40219.1
Project("{FAE04EC0-301F-11D3-BF4B-00C04F79EFBC}") = "RS.CallbackLog.WebApp", "src\RS.CallbackLog.WebApp\RS.CallbackLog.WebApp.csproj", "{A3CE1F33-94A9-4652-9B8C-95305C8FABC4}"
EndProject
Project("{FAE04EC0-301F-11D3-BF4B-00C04F79EFBC}") = "RS.CallbackLog.Web", "src\RS.CallbackLog.Web\RS.CallbackLog.Web.csproj", "{E5EE1D53-0C33-45D2-8E30-FC6CA9D81D27}"
EndProject
Project("{E24C65DC-7377-472B-9ABA-BC803B73C61A}") = "RS.CallbackLog.WebForm", "src\RS.CallbackLog.WebForm\", "{A8B7C996-5496-4E5C-B273-562279CD239C}"
	ProjectSection(WebsiteProperties) = preProject
		TargetFrameworkMoniker = ".NETFramework,Version%3Dv4.5"
		Debug.AspNetCompiler.VirtualPath = "/localhost_5989"
		Debug.AspNetCompiler.PhysicalPath = "src\RS.CallbackLog.WebForm\"
		Debug.AspNetCompiler.TargetPath = "PrecompiledWeb\localhost_5989\"
		Debug.AspNetCompiler.Updateable = "true"
		Debug.AspNetCompiler.ForceOverwrite = "true"
		Debug.AspNetCompiler.FixedNames = "false"
		Debug.AspNetCompiler.Debug = "True"
		Release.AspNetCompiler.VirtualPath = "/localhost_5989"
		Release.AspNetCompiler.PhysicalPath = "src\RS.CallbackLog.WebForm\"
		Release.AspNetCompiler.TargetPath = "PrecompiledWeb\localhost_5989\"
		Release.AspNetCompiler.Updateable = "true"
		Release.AspNetCompiler.ForceOverwrite = "true"
		Release.AspNetCompiler.FixedNames = "false"
		Release.AspNetCompiler.Debug = "False"
		VWDPort = "5989"
		SlnRelativePath = "src\RS.CallbackLog.WebForm\"
		DefaultWebSiteLanguage = "Visual C#"
	EndProjectSection
EndProject
Global
	GlobalSection(SolutionConfigurationPlatforms) = preSolution
		Debug|Any CPU = Debug|Any CPU
		Release|Any CPU = Release|Any CPU
	EndGlobalSection
	GlobalSection(ProjectConfigurationPlatforms) = postSolution
		{A3CE1F33-94A9-4652-9B8C-95305C8FABC4}.Debug|Any CPU.ActiveCfg = Debug|Any CPU
		{A3CE1F33-94A9-4652-9B8C-95305C8FABC4}.Debug|Any CPU.Build.0 = Debug|Any CPU
		{A3CE1F33-94A9-4652-9B8C-95305C8FABC4}.Release|Any CPU.ActiveCfg = Release|Any CPU
		{A3CE1F33-94A9-4652-9B8C-95305C8FABC4}.Release|Any CPU.Build.0 = Release|Any CPU
		{E5EE1D53-0C33-45D2-8E30-FC6CA9D81D27}.Debug|Any CPU.ActiveCfg = Debug|Any CPU
		{E5EE1D53-0C33-45D2-8E30-FC6CA9D81D27}.Debug|Any CPU.Build.0 = Debug|Any CPU
		{E5EE1D53-0C33-45D2-8E30-FC6CA9D81D27}.Release|Any CPU.ActiveCfg = Release|Any CPU
		{E5EE1D53-0C33-45D2-8E30-FC6CA9D81D27}.Release|Any CPU.Build.0 = Release|Any CPU
		{A8B7C996-5496-4E5C-B273-562279CD239C}.Debug|Any CPU.ActiveCfg = Debug|Any CPU
		{A8B7C996-5496-4E5C-B273-562279CD239C}.Debug|Any CPU.Build.0 = Debug|Any CPU
		{A8B7C996-5496-4E5C-B273-562279CD239C}.Release|Any CPU.ActiveCfg = Debug|Any CPU
		{A8B7C996-5496-4E5C-B273-562279CD239C}.Release|Any CPU.Build.0 = Debug|Any CPU
	EndGlobalSection
	GlobalSection(SolutionProperties) = preSolution
		HideSolutionNode = FALSE
	EndGlobalSection
	GlobalSection(ExtensibilityGlobals) = postSolution
		SolutionGuid = {2CAA3E8D-F810-484B-82C8-0DD6383B09AD}
	EndGlobalSection
EndGlobal
